
Microsoft Visual Studio Solution File, Format Version 10.00
# Visual Studio 2008
Project("{FAE04EC0-301F-11D3-BF4B-00C04F79EFBC}") = "FlappyBird", "FlappyBird\FlappyBird.csproj", "{C9C018A9-754B-4FF7-AB0D-6B51D3D624CE}"
EndProject
Global
	GlobalSection(SolutionConfigurationPlatforms) = preSolution
		Debug|Any CPU = Debug|Any CPU
		Release|Any CPU = Release|Any CPU
	EndGlobalSection
	GlobalSection(ProjectConfigurationPlatforms) = postSolution
		{C9C018A9-754B-4FF7-AB0D-6B51D3D624CE}.Debug|Any CPU.ActiveCfg = Debug|Any CPU
		{C9C018A9-754B-4FF7-AB0D-6B51D3D624CE}.Debug|Any CPU.Build.0 = Debug|Any CPU
		{C9C018A9-754B-4FF7-AB0D-6B51D3D624CE}.Release|Any CPU.ActiveCfg = Release|Any CPU
		{C9C018A9-754B-4FF7-AB0D-6B51D3D624CE}.Release|Any CPU.Build.0 = Release|Any CPU
	EndGlobalSection
	GlobalSection(SolutionProperties) = preSolution
		HideSolutionNode = FALSE
	EndGlobalSection
EndGlobal
